apiVersion: v1
kind: PersistentVolume
metadata:
 name: ebs-block-pv1
spec:
 capacity:
   storage: 1Gi
 accessModes:
   - ReadWriteOnce
 volumeMode: Block
 awsElasticBlockStore:
   volumeID: vol-079033653d3945a51
---
apiVersion: v1
kind: PersistentVolumeClaim
metadata:
 name: ebs-block-claim1
spec:
 accessModes:
  - ReadWriteOnce
 volumeMode: Block
 resources:
   requests:
     storage: 1Gi
---
apiVersion: v1
kind: Pod
metadata:
  name: ebs-block-pod1
spec:
  containers:
  - name: ebs-block-pod1
    image: nginx:latest
    ports:
    - containerPort: 80
    volumeDevices:
    - devicePath: /dev/mydevice
      name: ebsvol
  volumes:
    - name: ebsvol
      persistentVolumeClaim:
        claimName: ebs-block-claim1

